github.com/aead/cmac v0.0.0-20160719120800-7af84192f0b1 h1:+JkXLHME8vLJafGhOH4aoV2Iu8bR55nU6iKMVfYVLjY=
github.com/aead/cmac v0.0.0-20160719120800-7af84192f0b1/go.mod h1:nuudZmJhzWtx2212z+pkuy7B6nkBqa+xwNXZHL1j8cg=
github.com/davecgh/go-spew v1.1.0/go.mod h1:J7Y8YcW2NihsgmVo/mv3lAwl/skON4iLHjSsI+c5H38=
github.com/davecgh/go-spew v1.1.1 h1:vj9j/u1bqnvCEfJOwUhtlOARqs3+rkHYY13jYWTU97c=
github.com/davecgh/go-spew v1.1.1/go.mod h1:J7Y8YcW2NihsgmVo/mv3lAwl/skON4iLHjSsI+c5H38=
github.com/free5gc/aper v1.1.0 h1:X36hts0PYQuN3d+VXpYsUZaibrokP8nbBVIQBVY2bNI=
github.com/free5gc/aper v1.1.0/go.mod h1:v7xVwA5XaD9lBnZDOzvDF0Nw6GOcn32IrL7tM6zHPyM=
github.com/free5gc/nas v1.2.2 h1:r2+9CHY1TRfTM/X2Pc+vBizeqweUJRuLo1DGub1vk5s=
github.com/free5gc/nas v1.2.2/go.mod h1:y3f4YCGsvQOqQx8h+4MH22k0C8XaopK2ZP/F7qAW98k=
github.com/free5gc/ngap v1.1.2 h1:AA+s9+eaE8fSTnmBbh1xiD3VPaszonCd7AQJGKX5PHM=
github.com/free5gc/ngap v1.1.2/go.mod h1:4HYtB+msoTBc3cEPlSr4ZUUHn3BFZhdPuVASERMzVeI=
github.com/free5gc/sctp v1.1.1 h1:FfoQjIwMDL+IfD3YWx/+S2nO7fFVi/5FZ11xJQ/gRi0=
github.com/free5gc/sctp v1.1.1/go.mod h1:th0y/MUwlqBcoy9nY65VEOdoCgu3ObV1ADAicgkpLl0=
github.com/ishidawataru/sctp v0.0.0-20251114114122-19ddcbc6aae2 h1:36qep4gxKs+JgeHGWeQ040RyZdt9kQlLglL1rFVn/oQ=
github.com/ishidawataru/sctp v0.0.0-20251114114122-19ddcbc6aae2/go.mod h1:co9pwDoBCm1kGxawmb4sPq0cSIOOWNPT4KnHotMP1Zg=
github.com/kr/pretty v0.1.0 h1:L/CwN0zerZDmRFUapSPitk6f+Q3+0za1rQkzVuMiMFI=
github.com/kr/pretty v0.1.0/go.mod h1:dAy3ld7l9f0ibDNOQOHHMYYIIbhfbHSm3C4ZsoJORNo=
github.com/kr/text v0.2.0 h1:5Nx0Ya0ZqY2ygV366QzturHI13Jq95ApcVaJBhpS+AY=
github.com/kr/text v0.2.0/go.mod h1:eLer722TekiGuMkidMxC/pM04lWEeraHUUmBw8l2grE=
github.com/lvdund/ngap v1.4.13 h1:VAYGK0T085lrKCLlExipAK2Wd+LzwTqNgj2ZCwNjN+w=
github.com/lvdund/ngap v1.4.13/go.mod h1:zoTbbMXZWrEMTFgwuhQ+kXDkXdUlCAPkJwGbi1GFfq0=
github.com/pkg/errors v0.9.1 h1:FEBLx1zS214owpjy7qsBeixbURkuhQAwrK5UwLGTwt4=
github.com/pkg/errors v0.9.1/go.mod h1:bwawxfHBFNV+L2hUp1rHADufV3IMtnDRdf1r5NINEl0=
github.com/pmezard/go-difflib v1.0.0 h1:4DBwDE0NGyQoBHbLQYPwSUPoCMWR5BEzIk/f1lZbAQM=
github.com/pmezard/go-difflib v1.0.0/go.mod h1:iKH77koFhYxTK1pcRnkKkqfTogsbg7gZNVY4sRDYZ/4=
github.com/reogac/nas v1.2.0 h1:GTsCXJ7ThzXV+A10cz4cLFf+vyqgGjA44v3ATCmrRho=
github.com/reogac/nas v1.2.0/go.mod h1:nE+cfBapz8NMoivWkqasFqTQ4cNiKzzQn/UAHevwFTo=
github.com/reogac/utils v1.1.21 h1:bgatSuEJWexfWQbfH60LLDeZV0B+FSTQuzNjpCvkPAw=
github.com/reogac/utils v1.1.21/go.mod h1:3ZkjbNXKyF2gNfNYQ5VaLj2FXzjsLzja0/jJ8OB2Jb0=
github.com/sirupsen/logrus v1.9.3 h1:dueUQJ1C2q9oE3F7wvmSGAaVtTmUizReu6fjN8uqzbQ=
github.com/sirupsen/logrus v1.9.3/go.mod h1:naHLuLoDiP4jHNo9R0sCBMtWGeIprob74mVsIT4qYEQ=
github.com/stretchr/objx v0.1.0/go.mod h1:HFkY916IF+rwdDfMAkV7OtwuqBVzrE8GR6GFx+wExME=
github.com/stretchr/testify v1.7.0/go.mod h1:6Fq8oRcR53rry900zMqJjRRixrwX3KX962/h/Wwjteg=
github.com/stretchr/testify v1.10.0 h1:Xv5erBjTwe/5IxqUQTdXv5kgmIvbHo3QQyRwhJsOfJA=
github.com/stretchr/testify v1.10.0/go.mod h1:r2ic/lqez/lEtzL7wO/rwa5dbSLXVDPFyf8C91i36aY=
github.com/tim-ywliu/nested-logrus-formatter v1.3.2 h1:jugNJ2/CNCI79SxOJCOhwUHeN3O7/7/bj+ZRGOFlCSw=
github.com/tim-ywliu/nested-logrus-formatter v1.3.2/go.mod h1:oGPmcxZB65j9Wo7mCnQKSrKEJtVDqyjD666SGmyStXI=
golang.org/x/sys v0.0.0-20220715151400-c0bba94af5f8/go.mod h1:oPkhp1MJrh7nUepCBck5+mAzfO9JrbApNNgaTdGDITg=
golang.org/x/sys v0.38.0 h1:3yZWxaJjBmCWXqhN1qh02AkOnCQ1poK6oF+a7xWL6Gc=
golang.org/x/sys v0.38.0/go.mod h1:OgkHotnGiDImocRcuBABYBEXf8A9a87e/uXjp9XT3ks=
gopkg.in/check.v1 v0.0.0-20161208181325-20d25e280405/go.mod h1:Co6ibVJAznAaIkqp8huTwlJQCZ016jof/cbN4VW5Yz0=
gopkg.in/check.v1 v1.0.0-20180628173108-788fd7840127 h1:qIbj1fsPNlZgppZ+VLlY7N33q108Sa+fhmuc+sWQYwY=
gopkg.in/check.v1 v1.0.0-20180628173108-788fd7840127/go.mod h1:Co6ibVJAznAaIkqp8huTwlJQCZ016jof/cbN4VW5Yz0=
gopkg.in/yaml.v3 v3.0.0-20200313102051-9f266ea9e77c/go.mod h1:K4uyk7z7BCEPqu6E+C64Yfv1cQ7kz7rIZviUmN+EgEM=
gopkg.in/yaml.v3 v3.0.1 h1:fxVm/GzAzEWqLHuvctI91KS9hhNmmWOoWu0XTYJS7CA=
gopkg.in/yaml.v3 v3.0.1/go.mod h1:K4uyk7z7BCEPqu6E+C64Yfv1cQ7kz7rIZviUmN+EgEM=
